
Microsoft Visual Studio Solution File, Format Version 12.00
# Visual Studio Version 17
VisualStudioVersion = 17.11.35312.102
MinimumVisualStudioVersion = 10.0.40219.1
Project("{9A19103F-16F7-4668-BE54-9A1E7A4F7556}") = "CentralizeLogDemo", "CentralizeLogDemo\CentralizeLogDemo.csproj", "{6DE305E5-E62C-4B99-ABD6-35288A89558D}"
EndProject
Project("{2150E333-8FDC-42A3-9474-1A3956D46DE8}") = "Docker", "Docker", "{E822B8F0-AB49-4003-8CB4-F184E1633CC9}"
	ProjectSection(SolutionItems) = preProject
		docker-compose.yml = docker-compose.yml
		logstash-kafka.conf = logstash-kafka.conf
	EndProjectSection
EndProject
Global
	GlobalSection(SolutionConfigurationPlatforms) = preSolution
		Debug|Any CPU = Debug|Any CPU
		Release|Any CPU = Release|Any CPU
	EndGlobalSection
	GlobalSection(ProjectConfigurationPlatforms) = postSolution
		{6DE305E5-E62C-4B99-ABD6-35288A89558D}.Debug|Any CPU.ActiveCfg = Debug|Any CPU
		{6DE305E5-E62C-4B99-ABD6-35288A89558D}.Debug|Any CPU.Build.0 = Debug|Any CPU
		{6DE305E5-E62C-4B99-ABD6-35288A89558D}.Release|Any CPU.ActiveCfg = Release|Any CPU
		{6DE305E5-E62C-4B99-ABD6-35288A89558D}.Release|Any CPU.Build.0 = Release|Any CPU
	EndGlobalSection
	GlobalSection(SolutionProperties) = preSolution
		HideSolutionNode = FALSE
	EndGlobalSection
	GlobalSection(ExtensibilityGlobals) = postSolution
		SolutionGuid = {A3F464EC-1427-4039-8AD3-C57B85F7DDD5}
	EndGlobalSection
EndGlobal
